
Microsoft Visual Studio Solution File, Format Version 12.00
# Visual Studio Version 17
VisualStudioVersion = 17.7.34024.191
MinimumVisualStudioVersion = 10.0.40219.1
Project("{FAE04EC0-301F-11D3-BF4B-00C04F79EFBC}") = "TP3_C#", "TP3_C#\TP3_C#.csproj", "{6BD76D29-8965-4ED7-B601-5EFD84091F41}"
	ProjectSection(ProjectDependencies) = postProject
		{587E2AED-2851-4D45-987E-D787F9042ED0} = {587E2AED-2851-4D45-987E-D787F9042ED0}
		{9800E8C2-BE26-475A-84FD-EBD91FF047C2} = {9800E8C2-BE26-475A-84FD-EBD91FF047C2}
	EndProjectSection
EndProject
Project("{FAE04EC0-301F-11D3-BF4B-00C04F79EFBC}") = "Livros", "Livros\Livros.csproj", "{9800E8C2-BE26-475A-84FD-EBD91FF047C2}"
EndProject
Project("{FAE04EC0-301F-11D3-BF4B-00C04F79EFBC}") = "Estante", "Estante\Estante.csproj", "{587E2AED-2851-4D45-987E-D787F9042ED0}"
	ProjectSection(ProjectDependencies) = postProject
		{9800E8C2-BE26-475A-84FD-EBD91FF047C2} = {9800E8C2-BE26-475A-84FD-EBD91FF047C2}
	EndProjectSection
EndProject
Global
	GlobalSection(SolutionConfigurationPlatforms) = preSolution
		Debug|Any CPU = Debug|Any CPU
		Release|Any CPU = Release|Any CPU
	EndGlobalSection
	GlobalSection(ProjectConfigurationPlatforms) = postSolution
		{6BD76D29-8965-4ED7-B601-5EFD84091F41}.Debug|Any CPU.ActiveCfg = Debug|Any CPU
		{6BD76D29-8965-4ED7-B601-5EFD84091F41}.Debug|Any CPU.Build.0 = Debug|Any CPU
		{6BD76D29-8965-4ED7-B601-5EFD84091F41}.Release|Any CPU.ActiveCfg = Release|Any CPU
		{6BD76D29-8965-4ED7-B601-5EFD84091F41}.Release|Any CPU.Build.0 = Release|Any CPU
		{9800E8C2-BE26-475A-84FD-EBD91FF047C2}.Debug|Any CPU.ActiveCfg = Debug|Any CPU
		{9800E8C2-BE26-475A-84FD-EBD91FF047C2}.Debug|Any CPU.Build.0 = Debug|Any CPU
		{9800E8C2-BE26-475A-84FD-EBD91FF047C2}.Release|Any CPU.ActiveCfg = Release|Any CPU
		{9800E8C2-BE26-475A-84FD-EBD91FF047C2}.Release|Any CPU.Build.0 = Release|Any CPU
		{587E2AED-2851-4D45-987E-D787F9042ED0}.Debug|Any CPU.ActiveCfg = Debug|Any CPU
		{587E2AED-2851-4D45-987E-D787F9042ED0}.Debug|Any CPU.Build.0 = Debug|Any CPU
		{587E2AED-2851-4D45-987E-D787F9042ED0}.Release|Any CPU.ActiveCfg = Release|Any CPU
		{587E2AED-2851-4D45-987E-D787F9042ED0}.Release|Any CPU.Build.0 = Release|Any CPU
	EndGlobalSection
	GlobalSection(SolutionProperties) = preSolution
		HideSolutionNode = FALSE
	EndGlobalSection
	GlobalSection(ExtensibilityGlobals) = postSolution
		SolutionGuid = {898DEBE1-7980-461A-8B7B-528A90F91F46}
	EndGlobalSection
EndGlobal
